<?xml version="1.0" encoding="utf-8"?>
<Project ToolsVersion="4.0" xmlns="http://schemas.microsoft.com/developer/msbuild/2003">
  <ItemGroup>
    <ClInclude Include="Bridge\ProjectMacros.h" />
    <ClInclude Include="Source\TestFile.h" />
    <ClInclude Include="Bridge\CurrentProperties.h" />
  </ItemGroup>
  <ItemGroup>
    <ClCompile Include="Source\TestFile.cpp" />
    <ClCompile Include="Bridge\CurrentProperties.cpp" />
  </ItemGroup>
</Project>