
Microsoft Visual Studio Solution File, Format Version 12.00
# Visual Studio Version 17
VisualStudioVersion = 17.7.34031.279
MinimumVisualStudioVersion = 10.0.40219.1
Project("{8BC9CEB8-8B4A-11D0-8D11-00A0C91BC942}") = "Engine", "Engine\Engine.vcxproj", "{BA1B5119-F7FF-41B4-961A-EDA482D78D58}"
EndProject
Project("{2150E333-8FDC-42A3-9474-1A3956D46DE8}") = "Libraries", "Libraries", "{43020390-75FB-4901-8BD5-30D1FEF4C5B4}"
EndProject
Project("{8BC9CEB8-8B4A-11D0-8D11-00A0C91BC942}") = "ImGui", "Libraries\ImGui\ImGui.vcxitems", "{B51076D3-0BB9-4BDE-B0C0-B9C16DFD3C17}"
EndProject
Project("{2150E333-8FDC-42A3-9474-1A3956D46DE8}") = "Tests", "Tests", "{ED33B8C9-FFD9-41EE-9649-9FD4C705E392}"
EndProject
Project("{8BC9CEB8-8B4A-11D0-8D11-00A0C91BC942}") = "Sandbox", "Sandbox\Sandbox.vcxproj", "{AF5A691D-67AD-4EA6-AD30-6C53CCDEFEF8}"
EndProject
Global
	GlobalSection(SolutionConfigurationPlatforms) = preSolution
		DebugGame|x64 = DebugGame|x64
		DebugGame|x86 = DebugGame|x86
		DedicatedServer|x64 = DedicatedServer|x64
		DedicatedServer|x86 = DedicatedServer|x86
		Editor|x64 = Editor|x64
		Editor|x86 = Editor|x86
		Release|x64 = Release|x64
		Release|x86 = Release|x86
	EndGlobalSection
	GlobalSection(ProjectConfigurationPlatforms) = postSolution
		{BA1B5119-F7FF-41B4-961A-EDA482D78D58}.DebugGame|x64.ActiveCfg = NoEditor|x64
		{BA1B5119-F7FF-41B4-961A-EDA482D78D58}.DebugGame|x64.Build.0 = NoEditor|x64
		{BA1B5119-F7FF-41B4-961A-EDA482D78D58}.DebugGame|x86.ActiveCfg = Editor|Win32
		{BA1B5119-F7FF-41B4-961A-EDA482D78D58}.DedicatedServer|x64.ActiveCfg = NoEditor|x64
		{BA1B5119-F7FF-41B4-961A-EDA482D78D58}.DedicatedServer|x64.Build.0 = NoEditor|x64
		{BA1B5119-F7FF-41B4-961A-EDA482D78D58}.DedicatedServer|x86.ActiveCfg = Editor|Win32
		{BA1B5119-F7FF-41B4-961A-EDA482D78D58}.Editor|x64.ActiveCfg = Editor|x64
		{BA1B5119-F7FF-41B4-961A-EDA482D78D58}.Editor|x64.Build.0 = Editor|x64
		{BA1B5119-F7FF-41B4-961A-EDA482D78D58}.Editor|x86.ActiveCfg = NoEditor|Win32
		{BA1B5119-F7FF-41B4-961A-EDA482D78D58}.Editor|x86.Build.0 = NoEditor|Win32
		{BA1B5119-F7FF-41B4-961A-EDA482D78D58}.Release|x64.ActiveCfg = NoEditor|x64
		{BA1B5119-F7FF-41B4-961A-EDA482D78D58}.Release|x64.Build.0 = NoEditor|x64
		{BA1B5119-F7FF-41B4-961A-EDA482D78D58}.Release|x86.ActiveCfg = NoEditor|x64
		{AF5A691D-67AD-4EA6-AD30-6C53CCDEFEF8}.DebugGame|x64.ActiveCfg = Debug|x64
		{AF5A691D-67AD-4EA6-AD30-6C53CCDEFEF8}.DebugGame|x64.Build.0 = Debug|x64
		{AF5A691D-67AD-4EA6-AD30-6C53CCDEFEF8}.DebugGame|x86.ActiveCfg = Debug|Win32
		{AF5A691D-67AD-4EA6-AD30-6C53CCDEFEF8}.DebugGame|x86.Build.0 = Debug|Win32
		{AF5A691D-67AD-4EA6-AD30-6C53CCDEFEF8}.DedicatedServer|x64.ActiveCfg = DedicatedServer|x64
		{AF5A691D-67AD-4EA6-AD30-6C53CCDEFEF8}.DedicatedServer|x64.Build.0 = DedicatedServer|x64
		{AF5A691D-67AD-4EA6-AD30-6C53CCDEFEF8}.DedicatedServer|x86.ActiveCfg = Debug|Win32
		{AF5A691D-67AD-4EA6-AD30-6C53CCDEFEF8}.DedicatedServer|x86.Build.0 = Debug|Win32
		{AF5A691D-67AD-4EA6-AD30-6C53CCDEFEF8}.Editor|x64.ActiveCfg = Debug|x64
		{AF5A691D-67AD-4EA6-AD30-6C53CCDEFEF8}.Editor|x64.Build.0 = Debug|x64
		{AF5A691D-67AD-4EA6-AD30-6C53CCDEFEF8}.Editor|x86.ActiveCfg = Debug|Win32
		{AF5A691D-67AD-4EA6-AD30-6C53CCDEFEF8}.Editor|x86.Build.0 = Debug|Win32
		{AF5A691D-67AD-4EA6-AD30-6C53CCDEFEF8}.Release|x64.ActiveCfg = Release|x64
		{AF5A691D-67AD-4EA6-AD30-6C53CCDEFEF8}.Release|x64.Build.0 = Release|x64
		{AF5A691D-67AD-4EA6-AD30-6C53CCDEFEF8}.Release|x86.ActiveCfg = Release|Win32
		{AF5A691D-67AD-4EA6-AD30-6C53CCDEFEF8}.Release|x86.Build.0 = Release|Win32
	EndGlobalSection
	GlobalSection(SolutionProperties) = preSolution
		HideSolutionNode = FALSE
	EndGlobalSection
	GlobalSection(NestedProjects) = preSolution
		{B51076D3-0BB9-4BDE-B0C0-B9C16DFD3C17} = {43020390-75FB-4901-8BD5-30D1FEF4C5B4}
	EndGlobalSection
	GlobalSection(ExtensibilityGlobals) = postSolution
		SolutionGuid = {37DF29EE-AF4C-425F-9F52-CFE8B5DE6180}
	EndGlobalSection
EndGlobal
